
Microsoft Visual Studio Solution File, Format Version 12.00
# Visual Studio Version 17
VisualStudioVersion = 17.3.32825.248
MinimumVisualStudioVersion = 10.0.40219.1
Project("{9A19103F-16F7-4668-BE54-9A1E7A4F7556}") = "Labs", "Labs.csproj", "{3EF001B4-A5C9-46D7-9F7A-2FC6EEA4BE73}"
EndProject
Project("{2150E333-8FDC-42A3-9474-1A3956D46DE8}") = "Solution Items", "Solution Items", "{2477029D-F6FF-4224-BD0B-22749FD1EE56}"
	ProjectSection(SolutionItems) = preProject
		.editorconfig = .editorconfig
	EndProjectSection
EndProject
Global
	GlobalSection(SolutionConfigurationPlatforms) = preSolution
		Debug|Any CPU = Debug|Any CPU
		Release|Any CPU = Release|Any CPU
	EndGlobalSection
	GlobalSection(ProjectConfigurationPlatforms) = postSolution
		{3EF001B4-A5C9-46D7-9F7A-2FC6EEA4BE73}.Debug|Any CPU.ActiveCfg = Debug|Any CPU
		{3EF001B4-A5C9-46D7-9F7A-2FC6EEA4BE73}.Debug|Any CPU.Build.0 = Debug|Any CPU
		{3EF001B4-A5C9-46D7-9F7A-2FC6EEA4BE73}.Release|Any CPU.ActiveCfg = Release|Any CPU
		{3EF001B4-A5C9-46D7-9F7A-2FC6EEA4BE73}.Release|Any CPU.Build.0 = Release|Any CPU
	EndGlobalSection
	GlobalSection(SolutionProperties) = preSolution
		HideSolutionNode = FALSE
	EndGlobalSection
	GlobalSection(ExtensibilityGlobals) = postSolution
		SolutionGuid = {4074DB92-A201-4F9C-BEB6-4A94E66F0931}
	EndGlobalSection
EndGlobal
